
Microsoft Visual Studio Solution File, Format Version 12.00
# Visual Studio Version 17
VisualStudioVersion = 17.5.33516.290
MinimumVisualStudioVersion = 10.0.40219.1
Project("{FAE04EC0-301F-11D3-BF4B-00C04F79EFBC}") = "AddTank", "AddTank.csproj", "{2311C5C9-EDCD-4B10-8EF7-88BD13AD6A68}"
EndProject
Global
	GlobalSection(SolutionConfigurationPlatforms) = preSolution
		Debug|Any CPU = Debug|Any CPU
		Release|Any CPU = Release|Any CPU
	EndGlobalSection
	GlobalSection(ProjectConfigurationPlatforms) = postSolution
		{2311C5C9-EDCD-4B10-8EF7-88BD13AD6A68}.Debug|Any CPU.ActiveCfg = Debug|Any CPU
		{2311C5C9-EDCD-4B10-8EF7-88BD13AD6A68}.Debug|Any CPU.Build.0 = Debug|Any CPU
		{2311C5C9-EDCD-4B10-8EF7-88BD13AD6A68}.Release|Any CPU.ActiveCfg = Release|Any CPU
		{2311C5C9-EDCD-4B10-8EF7-88BD13AD6A68}.Release|Any CPU.Build.0 = Release|Any CPU
	EndGlobalSection
	GlobalSection(SolutionProperties) = preSolution
		HideSolutionNode = FALSE
	EndGlobalSection
	GlobalSection(ExtensibilityGlobals) = postSolution
		SolutionGuid = {3BB747A7-0328-4DD2-964F-684DC2217126}
	EndGlobalSection
EndGlobal
